// !$*UTF8*$!
{
	archiveVersion = 1;
	classes = {
	};
	objectVersion = 46;
	objects = {

/* Begin PBXBuildFile section */
		0A304C021A1A6FEF001A67B7 /* main.m in Sources */ = {isa = PBXBuildFile; fileRef = 0A304C011A1A6FEF001A67B7 /* main.m */; };
		0A304C051A1A6FEF001A67B7 /* AppDelegate.m in Sources */ = {isa = PBXBuildFile; fileRef = 0A304C041A1A6FEF001A67B7 /* AppDelegate.m */; };
		0A304C081A1A6FEF001A67B7 /* RobotListViewController.m in Sources */ = {isa = PBXBuildFile; fileRef = 0A304C071A1A6FEF001A67B7 /* RobotListViewController.m */; };
		0A304C0B1A1A6FEF001A67B7 /* RobotControlPanelViewController.m in Sources */ = {isa = PBXBuildFile; fileRef = 0A304C0A1A1A6FEF001A67B7 /* RobotControlPanelViewController.m */; };
		0A304C0E1A1A6FEF001A67B7 /* Main.storyboard in Resources */ = {isa = PBXBuildFile; fileRef = 0A304C0C1A1A6FEF001A67B7 /* Main.storyboard */; };
		0A304C101A1A6FEF001A67B7 /* Images.xcassets in Resources */ = {isa = PBXBuildFile; fileRef = 0A304C0F1A1A6FEF001A67B7 /* Images.xcassets */; };
		0A304C131A1A6FEF001A67B7 /* LaunchScreen.xib in Resources */ = {isa = PBXBuildFile; fileRef = 0A304C111A1A6FEF001A67B7 /* LaunchScreen.xib */; };
		0A304C1F1A1A6FF0001A67B7 /* playgroundTests.m in Sources */ = {isa = PBXBuildFile; fileRef = 0A304C1E1A1A6FF0001A67B7 /* playgroundTests.m */; };
		0A304C291A1A70DC001A67B7 /* WWRobotAPI.framework in Frameworks */ = {isa = PBXBuildFile; fileRef = 0A304C281A1A70DC001A67B7 /* WWRobotAPI.framework */; };
		0A304C2B1A1A70E0001A67B7 /* CoreBluetooth.framework in Frameworks */ = {isa = PBXBuildFile; fileRef = 0A304C2A1A1A70E0001A67B7 /* CoreBluetooth.framework */; };
		0A304C2D1A1A70E7001A67B7 /* libc++.dylib in Frameworks */ = {isa = PBXBuildFile; fileRef = 0A304C2C1A1A70E7001A67B7 /* libc++.dylib */; };
		0A304C321A1A8332001A67B7 /* UIKit.framework in Frameworks */ = {isa = PBXBuildFile; fileRef = 0A304C311A1A8332001A67B7 /* UIKit.framework */; };
		0A304C341A1A833B001A67B7 /* Foundation.framework in Frameworks */ = {isa = PBXBuildFile; fileRef = 0A304C331A1A833B001A67B7 /* Foundation.framework */; };
		0A304C3C1A1A8619001A67B7 /* RobotListTableViewCell.m in Sources */ = {isa = PBXBuildFile; fileRef = 0A304C3A1A1A8619001A67B7 /* RobotListTableViewCell.m */; };
		0A304C3D1A1A8619001A67B7 /* RobotListTableViewCell.xib in Resources */ = {isa = PBXBuildFile; fileRef = 0A304C3B1A1A8619001A67B7 /* RobotListTableViewCell.xib */; };
		0A304C401A1AB963001A67B7 /* ControlLightsViewController.m in Sources */ = {isa = PBXBuildFile; fileRef = 0A304C3F1A1AB963001A67B7 /* ControlLightsViewController.m */; };
		0A304C431A1ABD6D001A67B7 /* RobotControlViewController.m in Sources */ = {isa = PBXBuildFile; fileRef = 0A304C421A1ABD6D001A67B7 /* RobotControlViewController.m */; };
		0A304C481A1AD28A001A67B7 /* ControlEyeRingViewController.m in Sources */ = {isa = PBXBuildFile; fileRef = 0A304C471A1AD28A001A67B7 /* ControlEyeRingViewController.m */; };
		0A304C4B1A1AE50B001A67B7 /* JoystickView.m in Sources */ = {isa = PBXBuildFile; fileRef = 0A304C4A1A1AE50B001A67B7 /* JoystickView.m */; };
		0A304C4E1A1AE8FC001A67B7 /* ControlDriveViewController.m in Sources */ = {isa = PBXBuildFile; fileRef = 0A304C4D1A1AE8FC001A67B7 /* ControlDriveViewController.m */; };
		0A304C541A1BEBC9001A67B7 /* ControlSensorsViewController.m in Sources */ = {isa = PBXBuildFile; fileRef = 0A304C531A1BEBC9001A67B7 /* ControlSensorsViewController.m */; };
		780D96501A1B844000B109CC /* CircleJoystickView.m in Sources */ = {isa = PBXBuildFile; fileRef = 780D964F1A1B844000B109CC /* CircleJoystickView.m */; };
		780D96531A1B8F1800B109CC /* ControlHeadViewController.m in Sources */ = {isa = PBXBuildFile; fileRef = 780D96521A1B8F1800B109CC /* ControlHeadViewController.m */; };
/* End PBXBuildFile section */

/* Begin PBXContainerItemProxy section */
		0A304C191A1A6FF0001A67B7 /* PBXContainerItemProxy */ = {
			isa = PBXContainerItemProxy;
			containerPortal = 0A304BF41A1A6FEF001A67B7 /* Project object */;
			proxyType = 1;
			remoteGlobalIDString = 0A304BFB1A1A6FEF001A67B7;
			remoteInfo = playground;
		};
/* End PBXContainerItemProxy section */

/* Begin PBXFileReference section */
		0A304BFC1A1A6FEF001A67B7 /* playground.app */ = {isa = PBXFileReference; explicitFileType = wrapper.application; includeInIndex = 0; path = playground.app; sourceTree = BUILT_PRODUCTS_DIR; };
		0A304C001A1A6FEF001A67B7 /* Info.plist */ = {isa = PBXFileReference; lastKnownFileType = text.plist.xml; path = Info.plist; sourceTree = "<group>"; };
		0A304C011A1A6FEF001A67B7 /* main.m */ = {isa = PBXFileReference; lastKnownFileType = sourcecode.c.objc; path = main.m; sourceTree = "<group>"; };
		0A304C031A1A6FEF001A67B7 /* AppDelegate.h */ = {isa = PBXFileReference; lastKnownFileType = sourcecode.c.h; path = AppDelegate.h; sourceTree = "<group>"; };
		0A304C041A1A6FEF001A67B7 /* AppDelegate.m */ = {isa = PBXFileReference; lastKnownFileType = sourcecode.c.objc; path = AppDelegate.m; sourceTree = "<group>"; };
		0A304C061A1A6FEF001A67B7 /* RobotListViewController.h */ = {isa = PBXFileReference; lastKnownFileType = sourcecode.c.h; path = RobotListViewController.h; sourceTree = "<group>"; };
		0A304C071A1A6FEF001A67B7 /* RobotListViewController.m */ = {isa = PBXFileReference; lastKnownFileType = sourcecode.c.objc; path = RobotListViewController.m; sourceTree = "<group>"; };
		0A304C091A1A6FEF001A67B7 /* RobotControlPanelViewController.h */ = {isa = PBXFileReference; lastKnownFileType = sourcecode.c.h; path = RobotControlPanelViewController.h; sourceTree = "<group>"; };
		0A304C0A1A1A6FEF001A67B7 /* RobotControlPanelViewController.m */ = {isa = PBXFileReference; lastKnownFileType = sourcecode.c.objc; path = RobotControlPanelViewController.m; sourceTree = "<group>"; };
		0A304C0D1A1A6FEF001A67B7 /* Base */ = {isa = PBXFileReference; lastKnownFileType = file.storyboard; name = Base; path = Base.lproj/Main.storyboard; sourceTree = "<group>"; };
		0A304C0F1A1A6FEF001A67B7 /* Images.xcassets */ = {isa = PBXFileReference; lastKnownFileType = folder.assetcatalog; path = Images.xcassets; sourceTree = "<group>"; };
		0A304C121A1A6FEF001A67B7 /* Base */ = {isa = PBXFileReference; lastKnownFileType = file.xib; name = Base; path = Base.lproj/LaunchScreen.xib; sourceTree = "<group>"; };
		0A304C181A1A6FF0001A67B7 /* playgroundTests.xctest */ = {isa = PBXFileReference; explicitFileType = wrapper.cfbundle; includeInIndex = 0; path = playgroundTests.xctest; sourceTree = BUILT_PRODUCTS_DIR; };
		0A304C1D1A1A6FF0001A67B7 /* Info.plist */ = {isa = PBXFileReference; lastKnownFileType = text.plist.xml; path = Info.plist; sourceTree = "<group>"; };
		0A304C1E1A1A6FF0001A67B7 /* playgroundTests.m */ = {isa = PBXFileReference; lastKnownFileType = sourcecode.c.objc; path = playgroundTests.m; sourceTree = "<group>"; };
		0A304C281A1A70DC001A67B7 /* WWRobotAPI.framework */ = {isa = PBXFileReference; lastKnownFileType = wrapper.framework; name = WWRobotAPI.framework; path = libraries/WWRobotAPI.framework; sourceTree = "<group>"; };
		0A304C2A1A1A70E0001A67B7 /* CoreBluetooth.framework */ = {isa = PBXFileReference; lastKnownFileType = wrapper.framework; name = CoreBluetooth.framework; path = System/Library/Frameworks/CoreBluetooth.framework; sourceTree = SDKROOT; };
		0A304C2C1A1A70E7001A67B7 /* libc++.dylib */ = {isa = PBXFileReference; lastKnownFileType = "compiled.mach-o.dylib"; name = "libc++.dylib"; path = "usr/lib/libc++.dylib"; sourceTree = SDKROOT; };
		0A304C2F1A1A7E5D001A67B7 /* playground-prefix.pch */ = {isa = PBXFileReference; fileEncoding = 4; lastKnownFileType = sourcecode.c.h; path = "playground-prefix.pch"; sourceTree = "<group>"; };
		0A304C311A1A8332001A67B7 /* UIKit.framework */ = {isa = PBXFileReference; lastKnownFileType = wrapper.framework; name = UIKit.framework; path = System/Library/Frameworks/UIKit.framework; sourceTree = SDKROOT; };
		0A304C331A1A833B001A67B7 /* Foundation.framework */ = {isa = PBXFileReference; lastKnownFileType = wrapper.framework; name = Foundation.framework; path = System/Library/Frameworks/Foundation.framework; sourceTree = SDKROOT; };
		0A304C391A1A8619001A67B7 /* RobotListTableViewCell.h */ = {isa = PBXFileReference; fileEncoding = 4; lastKnownFileType = sourcecode.c.h; path = RobotListTableViewCell.h; sourceTree = "<group>"; };
		0A304C3A1A1A8619001A67B7 /* RobotListTableViewCell.m */ = {isa = PBXFileReference; fileEncoding = 4; lastKnownFileType = sourcecode.c.objc; path = RobotListTableViewCell.m; sourceTree = "<group>"; };
		0A304C3B1A1A8619001A67B7 /* RobotListTableViewCell.xib */ = {isa = PBXFileReference; fileEncoding = 4; lastKnownFileType = file.xib; path = RobotListTableViewCell.xib; sourceTree = "<group>"; };
		0A304C3E1A1AB963001A67B7 /* ControlLightsViewController.h */ = {isa = PBXFileReference; fileEncoding = 4; lastKnownFileType = sourcecode.c.h; path = ControlLightsViewController.h; sourceTree = "<group>"; };
		0A304C3F1A1AB963001A67B7 /* ControlLightsViewController.m */ = {isa = PBXFileReference; fileEncoding = 4; lastKnownFileType = sourcecode.c.objc; path = ControlLightsViewController.m; sourceTree = "<group>"; };
		0A304C411A1ABD6D001A67B7 /* RobotControlViewController.h */ = {isa = PBXFileReference; fileEncoding = 4; lastKnownFileType = sourcecode.c.h; path = RobotControlViewController.h; sourceTree = "<group>"; };
		0A304C421A1ABD6D001A67B7 /* RobotControlViewController.m */ = {isa = PBXFileReference; fileEncoding = 4; lastKnownFileType = sourcecode.c.objc; path = RobotControlViewController.m; sourceTree = "<group>"; };
		0A304C461A1AD28A001A67B7 /* ControlEyeRingViewController.h */ = {isa = PBXFileReference; fileEncoding = 4; lastKnownFileType = sourcecode.c.h; path = ControlEyeRingViewController.h; sourceTree = "<group>"; };
		0A304C471A1AD28A001A67B7 /* ControlEyeRingViewController.m */ = {isa = PBXFileReference; fileEncoding = 4; lastKnownFileType = sourcecode.c.objc; path = ControlEyeRingViewController.m; sourceTree = "<group>"; };
		0A304C491A1AE50B001A67B7 /* JoystickView.h */ = {isa = PBXFileReference; fileEncoding = 4; lastKnownFileType = sourcecode.c.h; path = JoystickView.h; sourceTree = "<group>"; };
		0A304C4A1A1AE50B001A67B7 /* JoystickView.m */ = {isa = PBXFileReference; fileEncoding = 4; lastKnownFileType = sourcecode.c.objc; path = JoystickView.m; sourceTree = "<group>"; };
		0A304C4C1A1AE8FC001A67B7 /* ControlDriveViewController.h */ = {isa = PBXFileReference; fileEncoding = 4; lastKnownFileType = sourcecode.c.h; path = ControlDriveViewController.h; sourceTree = "<group>"; };
		0A304C4D1A1AE8FC001A67B7 /* ControlDriveViewController.m */ = {isa = PBXFileReference; fileEncoding = 4; lastKnownFileType = sourcecode.c.objc; path = ControlDriveViewController.m; sourceTree = "<group>"; };
		0A304C521A1BEBC9001A67B7 /* ControlSensorsViewController.h */ = {isa = PBXFileReference; fileEncoding = 4; lastKnownFileType = sourcecode.c.h; path = ControlSensorsViewController.h; sourceTree = "<group>"; };
		0A304C531A1BEBC9001A67B7 /* ControlSensorsViewController.m */ = {isa = PBXFileReference; fileEncoding = 4; lastKnownFileType = sourcecode.c.objc; path = ControlSensorsViewController.m; sourceTree = "<group>"; };
		780D964E1A1B844000B109CC /* CircleJoystickView.h */ = {isa = PBXFileReference; fileEncoding = 4; lastKnownFileType = sourcecode.c.h; path = CircleJoystickView.h; sourceTree = "<group>"; };
		780D964F1A1B844000B109CC /* CircleJoystickView.m */ = {isa = PBXFileReference; fileEncoding = 4; lastKnownFileType = sourcecode.c.objc; path = CircleJoystickView.m; sourceTree = "<group>"; };
		780D96511A1B8F1800B109CC /* ControlHeadViewController.h */ = {isa = PBXFileReference; fileEncoding = 4; lastKnownFileType = sourcecode.c.h; path = ControlHeadViewController.h; sourceTree = "<group>"; };
		780D96521A1B8F1800B109CC /* ControlHeadViewController.m */ = {isa = PBXFileReference; fileEncoding = 4; lastKnownFileType = sourcecode.c.objc; path = ControlHeadViewController.m; sourceTree = "<group>"; };
/* End PBXFileReference section */

/* Begin PBXFrameworksBuildPhase section */
		0A304BF91A1A6FEF001A67B7 /* Frameworks */ = {
			isa = PBXFrameworksBuildPhase;
			buildActionMask = 2147483647;
			files = (
				0A304C2D1A1A70E7001A67B7 /* libc++.dylib in Frameworks */,
				0A304C2B1A1A70E0001A67B7 /* CoreBluetooth.framework in Frameworks */,
				0A304C291A1A70DC001A67B7 /* WWRobotAPI.framework in Frameworks */,
				0A304C321A1A8332001A67B7 /* UIKit.framework in Frameworks */,
				0A304C341A1A833B001A67B7 /* Foundation.framework in Frameworks */,
			);
			runOnlyForDeploymentPostprocessing = 0;
		};
		0A304C151A1A6FF0001A67B7 /* Frameworks */ = {
			isa = PBXFrameworksBuildPhase;
			buildActionMask = 2147483647;
			files = (
			);
			runOnlyForDeploymentPostprocessing = 0;
		};
/* End PBXFrameworksBuildPhase section */

/* Begin PBXGroup section */
		0A304BF31A1A6FEF001A67B7 = {
			isa = PBXGroup;
			children = (
				0A304C331A1A833B001A67B7 /* Foundation.framework */,
				0A304C311A1A8332001A67B7 /* UIKit.framework */,
				0A304C2C1A1A70E7001A67B7 /* libc++.dylib */,
				0A304C2A1A1A70E0001A67B7 /* CoreBluetooth.framework */,
				0A304C281A1A70DC001A67B7 /* WWRobotAPI.framework */,
				0A304BFE1A1A6FEF001A67B7 /* playground */,
				0A304C1B1A1A6FF0001A67B7 /* playgroundTests */,
				0A304BFD1A1A6FEF001A67B7 /* Products */,
			);
			sourceTree = "<group>";
		};
		0A304BFD1A1A6FEF001A67B7 /* Products */ = {
			isa = PBXGroup;
			children = (
				0A304BFC1A1A6FEF001A67B7 /* playground.app */,
				0A304C181A1A6FF0001A67B7 /* playgroundTests.xctest */,
			);
			name = Products;
			sourceTree = "<group>";
		};
		0A304BFE1A1A6FEF001A67B7 /* playground */ = {
			isa = PBXGroup;
			children = (
				0A304C361A1A85D2001A67B7 /* controllers */,
				0A304C351A1A85CB001A67B7 /* views */,
				0A304C031A1A6FEF001A67B7 /* AppDelegate.h */,
				0A304C041A1A6FEF001A67B7 /* AppDelegate.m */,
				0A304C0C1A1A6FEF001A67B7 /* Main.storyboard */,
				0A304C0F1A1A6FEF001A67B7 /* Images.xcassets */,
				0A304C111A1A6FEF001A67B7 /* LaunchScreen.xib */,
				0A304BFF1A1A6FEF001A67B7 /* Supporting Files */,
			);
			path = playground;
			sourceTree = "<group>";
		};
		0A304BFF1A1A6FEF001A67B7 /* Supporting Files */ = {
			isa = PBXGroup;
			children = (
				0A304C2F1A1A7E5D001A67B7 /* playground-prefix.pch */,
				0A304C001A1A6FEF001A67B7 /* Info.plist */,
				0A304C011A1A6FEF001A67B7 /* main.m */,
			);
			name = "Supporting Files";
			sourceTree = "<group>";
		};
		0A304C1B1A1A6FF0001A67B7 /* playgroundTests */ = {
			isa = PBXGroup;
			children = (
				0A304C1E1A1A6FF0001A67B7 /* playgroundTests.m */,
				0A304C1C1A1A6FF0001A67B7 /* Supporting Files */,
			);
			path = playgroundTests;
			sourceTree = "<group>";
		};
		0A304C1C1A1A6FF0001A67B7 /* Supporting Files */ = {
			isa = PBXGroup;
			children = (
				0A304C1D1A1A6FF0001A67B7 /* Info.plist */,
			);
			name = "Supporting Files";
			sourceTree = "<group>";
		};
		0A304C351A1A85CB001A67B7 /* views */ = {
			isa = PBXGroup;
			children = (
				780D964E1A1B844000B109CC /* CircleJoystickView.h */,
				780D964F1A1B844000B109CC /* CircleJoystickView.m */,
				0A304C391A1A8619001A67B7 /* RobotListTableViewCell.h */,
				0A304C3A1A1A8619001A67B7 /* RobotListTableViewCell.m */,
				0A304C3B1A1A8619001A67B7 /* RobotListTableViewCell.xib */,
				0A304C491A1AE50B001A67B7 /* JoystickView.h */,
				0A304C4A1A1AE50B001A67B7 /* JoystickView.m */,
			);
			name = views;
			sourceTree = "<group>";
		};
		0A304C361A1A85D2001A67B7 /* controllers */ = {
			isa = PBXGroup;
			children = (
				0A304C3E1A1AB963001A67B7 /* ControlLightsViewController.h */,
				0A304C3F1A1AB963001A67B7 /* ControlLightsViewController.m */,
				0A304C411A1ABD6D001A67B7 /* RobotControlViewController.h */,
				0A304C421A1ABD6D001A67B7 /* RobotControlViewController.m */,
				0A304C061A1A6FEF001A67B7 /* RobotListViewController.h */,
				0A304C071A1A6FEF001A67B7 /* RobotListViewController.m */,
				0A304C461A1AD28A001A67B7 /* ControlEyeRingViewController.h */,
				0A304C471A1AD28A001A67B7 /* ControlEyeRingViewController.m */,
				0A304C091A1A6FEF001A67B7 /* RobotControlPanelViewController.h */,
				0A304C0A1A1A6FEF001A67B7 /* RobotControlPanelViewController.m */,
				0A304C4C1A1AE8FC001A67B7 /* ControlDriveViewController.h */,
				0A304C4D1A1AE8FC001A67B7 /* ControlDriveViewController.m */,
				780D96511A1B8F1800B109CC /* ControlHeadViewController.h */,
				780D96521A1B8F1800B109CC /* ControlHeadViewController.m */,
				0A304C521A1BEBC9001A67B7 /* ControlSensorsViewController.h */,
				0A304C531A1BEBC9001A67B7 /* ControlSensorsViewController.m */,
			);
			name = controllers;
			sourceTree = "<group>";
		};
/* End PBXGroup section */

/* Begin PBXNativeTarget section */
		0A304BFB1A1A6FEF001A67B7 /* playground */ = {
			isa = PBXNativeTarget;
			buildConfigurationList = 0A304C221A1A6FF0001A67B7 /* Build configuration list for PBXNativeTarget "playground" */;
			buildPhases = (
				0A304BF81A1A6FEF001A67B7 /* Sources */,
				0A304BF91A1A6FEF001A67B7 /* Frameworks */,
				0A304BFA1A1A6FEF001A67B7 /* Resources */,
			);
			buildRules = (
			);
			dependencies = (
			);
			name = playground;
			productName = playground;
			productReference = 0A304BFC1A1A6FEF001A67B7 /* playground.app */;
			productType = "com.apple.product-type.application";
		};
		0A304C171A1A6FF0001A67B7 /* playgroundTests */ = {
			isa = PBXNativeTarget;
			buildConfigurationList = 0A304C251A1A6FF0001A67B7 /* Build configuration list for PBXNativeTarget "playgroundTests" */;
			buildPhases = (
				0A304C141A1A6FF0001A67B7 /* Sources */,
				0A304C151A1A6FF0001A67B7 /* Frameworks */,
				0A304C161A1A6FF0001A67B7 /* Resources */,
			);
			buildRules = (
			);
			dependencies = (
				0A304C1A1A1A6FF0001A67B7 /* PBXTargetDependency */,
			);
			name = playgroundTests;
			productName = playgroundTests;
			productReference = 0A304C181A1A6FF0001A67B7 /* playgroundTests.xctest */;
			productType = "com.apple.product-type.bundle.unit-test";
		};
/* End PBXNativeTarget section */

/* Begin PBXProject section */
		0A304BF41A1A6FEF001A67B7 /* Project object */ = {
			isa = PBXProject;
			attributes = {
				LastUpgradeCheck = 0610;
				ORGANIZATIONNAME = "Wonder Workshop";
				TargetAttributes = {
					0A304BFB1A1A6FEF001A67B7 = {
						CreatedOnToolsVersion = 6.1;
						DevelopmentTeam = 6AS2VXQ4XQ;
					};
					0A304C171A1A6FF0001A67B7 = {
						CreatedOnToolsVersion = 6.1;
						DevelopmentTeam = 6AS2VXQ4XQ;
						TestTargetID = 0A304BFB1A1A6FEF001A67B7;
					};
				};
			};
			buildConfigurationList = 0A304BF71A1A6FEF001A67B7 /* Build configuration list for PBXProject "playground" */;
			compatibilityVersion = "Xcode 3.2";
			developmentRegion = English;
			hasScannedForEncodings = 0;
			knownRegions = (
				en,
				Base,
			);
			mainGroup = 0A304BF31A1A6FEF001A67B7;
			productRefGroup = 0A304BFD1A1A6FEF001A67B7 /* Products */;
			projectDirPath = "";
			projectRoot = "";
			targets = (
				0A304BFB1A1A6FEF001A67B7 /* playground */,
				0A304C171A1A6FF0001A67B7 /* playgroundTests */,
			);
		};
/* End PBXProject section */

/* Begin PBXResourcesBuildPhase section */
		0A304BFA1A1A6FEF001A67B7 /* Resources */ = {
			isa = PBXResourcesBuildPhase;
			buildActionMask = 2147483647;
			files = (
				0A304C3D1A1A8619001A67B7 /* RobotListTableViewCell.xib in Resources */,
				0A304C0E1A1A6FEF001A67B7 /* Main.storyboard in Resources */,
				0A304C131A1A6FEF001A67B7 /* LaunchScreen.xib in Resources */,
				0A304C101A1A6FEF001A67B7 /* Images.xcassets in Resources */,
			);
			runOnlyForDeploymentPostprocessing = 0;
		};
		0A304C161A1A6FF0001A67B7 /* Resources */ = {
			isa = PBXResourcesBuildPhase;
			buildActionMask = 2147483647;
			files = (
			);
			runOnlyForDeploymentPostprocessing = 0;
		};
/* End PBXResourcesBuildPhase section */

/* Begin PBXSourcesBuildPhase section */
		0A304BF81A1A6FEF001A67B7 /* Sources */ = {
			isa = PBXSourcesBuildPhase;
			buildActionMask = 2147483647;
			files = (
				0A304C431A1ABD6D001A67B7 /* RobotControlViewController.m in Sources */,
				0A304C3C1A1A8619001A67B7 /* RobotListTableViewCell.m in Sources */,
				0A304C4B1A1AE50B001A67B7 /* JoystickView.m in Sources */,
				0A304C051A1A6FEF001A67B7 /* AppDelegate.m in Sources */,
				780D96531A1B8F1800B109CC /* ControlHeadViewController.m in Sources */,
				0A304C081A1A6FEF001A67B7 /* RobotListViewController.m in Sources */,
				0A304C481A1AD28A001A67B7 /* ControlEyeRingViewController.m in Sources */,
				0A304C541A1BEBC9001A67B7 /* ControlSensorsViewController.m in Sources */,
				0A304C021A1A6FEF001A67B7 /* main.m in Sources */,
				0A304C4E1A1AE8FC001A67B7 /* ControlDriveViewController.m in Sources */,
				780D96501A1B844000B109CC /* CircleJoystickView.m in Sources */,
				0A304C0B1A1A6FEF001A67B7 /* RobotControlPanelViewController.m in Sources */,
				0A304C401A1AB963001A67B7 /* ControlLightsViewController.m in Sources */,
			);
			runOnlyForDeploymentPostprocessing = 0;
		};
		0A304C141A1A6FF0001A67B7 /* Sources */ = {
			isa = PBXSourcesBuildPhase;
			buildActionMask = 2147483647;
			files = (
				0A304C1F1A1A6FF0001A67B7 /* playgroundTests.m in Sources */,
			);
			runOnlyForDeploymentPostprocessing = 0;
		};
/* End PBXSourcesBuildPhase section */

/* Begin PBXTargetDependency section */
		0A304C1A1A1A6FF0001A67B7 /* PBXTargetDependency */ = {
			isa = PBXTargetDependency;
			target = 0A304BFB1A1A6FEF001A67B7 /* playground */;
			targetProxy = 0A304C191A1A6FF0001A67B7 /* PBXContainerItemProxy */;
		};
/* End PBXTargetDependency section */

/* Begin PBXVariantGroup section */
		0A304C0C1A1A6FEF001A67B7 /* Main.storyboard */ = {
			isa = PBXVariantGroup;
			children = (
				0A304C0D1A1A6FEF001A67B7 /* Base */,
			);
			name = Main.storyboard;
			sourceTree = "<group>";
		};
		0A304C111A1A6FEF001A67B7 /* LaunchScreen.xib */ = {
			isa = PBXVariantGroup;
			children = (
				0A304C121A1A6FEF001A67B7 /* Base */,
			);
			name = LaunchScreen.xib;
			sourceTree = "<group>";
		};
/* End PBXVariantGroup section */

/* Begin XCBuildConfiguration section */
		0A304C201A1A6FF0001A67B7 /* Debug */ = {
			isa = XCBuildConfiguration;
			buildSettings = {
				ALWAYS_SEARCH_USER_PATHS = NO;
				CLANG_CXX_LANGUAGE_STANDARD = "gnu++0x";
				CLANG_CXX_LIBRARY = "libc++";
				CLANG_ENABLE_MODULES = YES;
				CLANG_ENABLE_OBJC_ARC = YES;
				CLANG_WARN_BOOL_CONVERSION = YES;
				CLANG_WARN_CONSTANT_CONVERSION = YES;
				CLANG_WARN_DIRECT_OBJC_ISA_USAGE = YES_ERROR;
				CLANG_WARN_EMPTY_BODY = YES;
				CLANG_WARN_ENUM_CONVERSION = YES;
				CLANG_WARN_INT_CONVERSION = YES;
				CLANG_WARN_OBJC_ROOT_CLASS = YES_ERROR;
				CLANG_WARN_UNREACHABLE_CODE = YES;
				CLANG_WARN__DUPLICATE_METHOD_MATCH = YES;
				"CODE_SIGN_IDENTITY[sdk=iphoneos*]" = "iPhone Developer";
				COPY_PHASE_STRIP = NO;
				ENABLE_STRICT_OBJC_MSGSEND = YES;
				GCC_C_LANGUAGE_STANDARD = gnu99;
				GCC_DYNAMIC_NO_PIC = NO;
				GCC_OPTIMIZATION_LEVEL = 0;
				GCC_PREPROCESSOR_DEFINITIONS = (
					"DEBUG=1",
					"$(inherited)",
				);
				GCC_SYMBOLS_PRIVATE_EXTERN = NO;
				GCC_WARN_64_TO_32_BIT_CONVERSION = YES;
				GCC_WARN_ABOUT_RETURN_TYPE = YES_ERROR;
				GCC_WARN_UNDECLARED_SELECTOR = YES;
				GCC_WARN_UNINITIALIZED_AUTOS = YES_AGGRESSIVE;
				GCC_WARN_UNUSED_FUNCTION = YES;
				GCC_WARN_UNUSED_VARIABLE = YES;
				IPHONEOS_DEPLOYMENT_TARGET = 8.1;
				MTL_ENABLE_DEBUG_INFO = YES;
				ONLY_ACTIVE_ARCH = YES;
				SDKROOT = iphoneos;
				TARGETED_DEVICE_FAMILY = "1,2";
			};
			name = Debug;
		};
		0A304C211A1A6FF0001A67B7 /* Release */ = {
			isa = XCBuildConfiguration;
			buildSettings = {
				ALWAYS_SEARCH_USER_PATHS = NO;
				CLANG_CXX_LANGUAGE_STANDARD = "gnu++0x";
				CLANG_CXX_LIBRARY = "libc++";
				CLANG_ENABLE_MODULES = YES;
				CLANG_ENABLE_OBJC_ARC = YES;
				CLANG_WARN_BOOL_CONVERSION = YES;
				CLANG_WARN_CONSTANT_CONVERSION = YES;
				CLANG_WARN_DIRECT_OBJC_ISA_USAGE = YES_ERROR;
				CLANG_WARN_EMPTY_BODY = YES;
				CLANG_WARN_ENUM_CONVERSION = YES;
				CLANG_WARN_INT_CONVERSION = YES;
				CLANG_WARN_OBJC_ROOT_CLASS = YES_ERROR;
				CLANG_WARN_UNREACHABLE_CODE = YES;
				CLANG_WARN__DUPLICATE_METHOD_MATCH = YES;
				"CODE_SIGN_IDENTITY[sdk=iphoneos*]" = "iPhone Developer";
				COPY_PHASE_STRIP = YES;
				ENABLE_NS_ASSERTIONS = NO;
				ENABLE_STRICT_OBJC_MSGSEND = YES;
				GCC_C_LANGUAGE_STANDARD = gnu99;
				GCC_WARN_64_TO_32_BIT_CONVERSION = YES;
				GCC_WARN_ABOUT_RETURN_TYPE = YES_ERROR;
				GCC_WARN_UNDECLARED_SELECTOR = YES;
				GCC_WARN_UNINITIALIZED_AUTOS = YES_AGGRESSIVE;
				GCC_WARN_UNUSED_FUNCTION = YES;
				GCC_WARN_UNUSED_VARIABLE = YES;
				IPHONEOS_DEPLOYMENT_TARGET = 8.1;
				MTL_ENABLE_DEBUG_INFO = NO;
				SDKROOT = iphoneos;
				TARGETED_DEVICE_FAMILY = "1,2";
				VALIDATE_PRODUCT = YES;
			};
			name = Release;
		};
		0A304C231A1A6FF0001A67B7 /* Debug */ = {
			isa = XCBuildConfiguration;
			buildSettings = {
				ASSETCATALOG_COMPILER_APPICON_NAME = AppIcon;
				CODE_SIGN_IDENTITY = "iPhone Developer";
				"CODE_SIGN_IDENTITY[sdk=iphoneos*]" = "iPhone Developer";
				FRAMEWORK_SEARCH_PATHS = (
					"$(inherited)",
					"$(PROJECT_DIR)/libraries",
				);
				GCC_PREFIX_HEADER = "playground/playground-prefix.pch";
				INFOPLIST_FILE = playground/Info.plist;
				IPHONEOS_DEPLOYMENT_TARGET = 7.1;
				LD_RUNPATH_SEARCH_PATHS = "$(inherited) @executable_path/Frameworks";
				PRODUCT_NAME = "$(TARGET_NAME)";
				PROVISIONING_PROFILE = "";
				TARGETED_DEVICE_FAMILY = "1,2";
			};
			name = Debug;
		};
		0A304C241A1A6FF0001A67B7 /* Release */ = {
			isa = XCBuildConfiguration;
			buildSettings = {
				ASSETCATALOG_COMPILER_APPICON_NAME = AppIcon;
				CODE_SIGN_IDENTITY = "iPhone Developer";
				"CODE_SIGN_IDENTITY[sdk=iphoneos*]" = "iPhone Developer";
				FRAMEWORK_SEARCH_PATHS = (
					"$(inherited)",
					"$(PROJECT_DIR)/libraries",
				);
				GCC_PREFIX_HEADER = "playground/playground-prefix.pch";
				INFOPLIST_FILE = playground/Info.plist;
				IPHONEOS_DEPLOYMENT_TARGET = 7.1;
				LD_RUNPATH_SEARCH_PATHS = "$(inherited) @executable_path/Frameworks";
				PRODUCT_NAME = "$(TARGET_NAME)";
				PROVISIONING_PROFILE = "";
				TARGETED_DEVICE_FAMILY = "1,2";
			};
			name = Release;
		};
		0A304C261A1A6FF0001A67B7 /* Debug */ = {
			isa = XCBuildConfiguration;
			buildSettings = {
				BUNDLE_LOADER = "$(TEST_HOST)";
				FRAMEWORK_SEARCH_PATHS = (
					"$(SDKROOT)/Developer/Library/Frameworks",
					"$(inherited)",
				);
				GCC_PREPROCESSOR_DEFINITIONS = (
					"DEBUG=1",
					"$(inherited)",
				);
				INFOPLIST_FILE = playgroundTests/Info.plist;
				LD_RUNPATH_SEARCH_PATHS = "$(inherited) @executable_path/Frameworks @loader_path/Frameworks";
				PRODUCT_NAME = "$(TARGET_NAME)";
				TEST_HOST = "$(BUILT_PRODUCTS_DIR)/playground.app/playground";
			};
			name = Debug;
		};
		0A304C271A1A6FF0001A67B7 /* Release */ = {
			isa = XCBuildConfiguration;
			buildSettings = {
				BUNDLE_LOADER = "$(TEST_HOST)";
				FRAMEWORK_SEARCH_PATHS = (
					"$(SDKROOT)/Developer/Library/Frameworks",
					"$(inherited)",
				);
				INFOPLIST_FILE = playgroundTests/Info.plist;
				LD_RUNPATH_SEARCH_PATHS = "$(inherited) @executable_path/Frameworks @loader_path/Frameworks";
				PRODUCT_NAME = "$(TARGET_NAME)";
				TEST_HOST = "$(BUILT_PRODUCTS_DIR)/playground.app/playground";
			};
			name = Release;
		};
/* End XCBuildConfiguration section */

/* Begin XCConfigurationList section */
		0A304BF71A1A6FEF001A67B7 /* Build configuration list for PBXProject "playground" */ = {
			isa = XCConfigurationList;
			buildConfigurations = (
				0A304C201A1A6FF0001A67B7 /* Debug */,
				0A304C211A1A6FF0001A67B7 /* Release */,
			);
			defaultConfigurationIsVisible = 0;
			defaultConfigurationName = Release;
		};
		0A304C221A1A6FF0001A67B7 /* Build configuration list for PBXNativeTarget "playground" */ = {
			isa = XCConfigurationList;
			buildConfigurations = (
				0A304C231A1A6FF0001A67B7 /* Debug */,
				0A304C241A1A6FF0001A67B7 /* Release */,
			);
			defaultConfigurationIsVisible = 0;
			defaultConfigurationName = Release;
		};
		0A304C251A1A6FF0001A67B7 /* Build configuration list for PBXNativeTarget "playgroundTests" */ = {
			isa = XCConfigurationList;
			buildConfigurations = (
				0A304C261A1A6FF0001A67B7 /* Debug */,
				0A304C271A1A6FF0001A67B7 /* Release */,
			);
			defaultConfigurationIsVisible = 0;
			defaultConfigurationName = Release;
		};
/* End XCConfigurationList section */
	};
	rootObject = 0A304BF41A1A6FEF001A67B7 /* Project object */;
}
